
Microsoft Visual Studio Solution File, Format Version 12.00
# Visual Studio Version 16
VisualStudioVersion = 16.0.31829.152
MinimumVisualStudioVersion = 10.0.40219.1
Project("{9A19103F-16F7-4668-BE54-9A1E7A4F7556}") = "CustomerClassLibrary", "CustomerClassLibrary\CustomerClassLibrary.csproj", "{40BDB4D3-FD23-4B47-8DF5-FCF1C5E29D18}"
EndProject
Project("{FAE04EC0-301F-11D3-BF4B-00C04F79EFBC}") = "CustomerClassLibrary.Tests", "CustomerClassLibrary.Tests\CustomerClassLibrary.Tests.csproj", "{3D6C5CA2-525B-493B-A98A-466B9C807C27}"
EndProject
Global
	GlobalSection(SolutionConfigurationPlatforms) = preSolution
		Debug|Any CPU = Debug|Any CPU
		Release|Any CPU = Release|Any CPU
	EndGlobalSection
	GlobalSection(ProjectConfigurationPlatforms) = postSolution
		{40BDB4D3-FD23-4B47-8DF5-FCF1C5E29D18}.Debug|Any CPU.ActiveCfg = Debug|Any CPU
		{40BDB4D3-FD23-4B47-8DF5-FCF1C5E29D18}.Debug|Any CPU.Build.0 = Debug|Any CPU
		{40BDB4D3-FD23-4B47-8DF5-FCF1C5E29D18}.Release|Any CPU.ActiveCfg = Release|Any CPU
		{40BDB4D3-FD23-4B47-8DF5-FCF1C5E29D18}.Release|Any CPU.Build.0 = Release|Any CPU
		{3D6C5CA2-525B-493B-A98A-466B9C807C27}.Debug|Any CPU.ActiveCfg = Debug|Any CPU
		{3D6C5CA2-525B-493B-A98A-466B9C807C27}.Debug|Any CPU.Build.0 = Debug|Any CPU
		{3D6C5CA2-525B-493B-A98A-466B9C807C27}.Release|Any CPU.ActiveCfg = Release|Any CPU
		{3D6C5CA2-525B-493B-A98A-466B9C807C27}.Release|Any CPU.Build.0 = Release|Any CPU
	EndGlobalSection
	GlobalSection(SolutionProperties) = preSolution
		HideSolutionNode = FALSE
	EndGlobalSection
	GlobalSection(ExtensibilityGlobals) = postSolution
		SolutionGuid = {D510B8FB-7124-4117-A339-CA3A9683C8F4}
	EndGlobalSection
EndGlobal
