
Microsoft Visual Studio Solution File, Format Version 12.00
# Visual Studio Version 16
VisualStudioVersion = 16.0.31829.152
MinimumVisualStudioVersion = 10.0.40219.1
Project("{9A19103F-16F7-4668-BE54-9A1E7A4F7556}") = "CustomerClassLibrary", "CustomerClassLibrary\CustomerClassLibrary.csproj", "{40BDB4D3-FD23-4B47-8DF5-FCF1C5E29D18}"
EndProject
Project("{9A19103F-16F7-4668-BE54-9A1E7A4F7556}") = "CustomerClassLibrary.Tests", "test\CustomerClassLibrary.Tests\CustomerClassLibrary.Tests.csproj", "{EE137576-3907-4C0D-A147-8B5DCA083F5E}"
EndProject
Project("{00D1A9C2-B5F0-4AF3-8072-F6C62B433612}") = "CustomerClassLibrary.Database", "CustomerClassLibrary\CustomerClassLibrary.Database\CustomerClassLibrary.Database.sqlproj", "{8DBB514B-C262-4590-953F-44EC020A1F79}"
EndProject
Global
	GlobalSection(SolutionConfigurationPlatforms) = preSolution
		Debug|Any CPU = Debug|Any CPU
		Release|Any CPU = Release|Any CPU
	EndGlobalSection
	GlobalSection(ProjectConfigurationPlatforms) = postSolution
		{40BDB4D3-FD23-4B47-8DF5-FCF1C5E29D18}.Debug|Any CPU.ActiveCfg = Debug|Any CPU
		{40BDB4D3-FD23-4B47-8DF5-FCF1C5E29D18}.Debug|Any CPU.Build.0 = Debug|Any CPU
		{40BDB4D3-FD23-4B47-8DF5-FCF1C5E29D18}.Release|Any CPU.ActiveCfg = Release|Any CPU
		{40BDB4D3-FD23-4B47-8DF5-FCF1C5E29D18}.Release|Any CPU.Build.0 = Release|Any CPU
		{EE137576-3907-4C0D-A147-8B5DCA083F5E}.Debug|Any CPU.ActiveCfg = Debug|Any CPU
		{EE137576-3907-4C0D-A147-8B5DCA083F5E}.Debug|Any CPU.Build.0 = Debug|Any CPU
		{EE137576-3907-4C0D-A147-8B5DCA083F5E}.Release|Any CPU.ActiveCfg = Release|Any CPU
		{EE137576-3907-4C0D-A147-8B5DCA083F5E}.Release|Any CPU.Build.0 = Release|Any CPU
		{8DBB514B-C262-4590-953F-44EC020A1F79}.Debug|Any CPU.ActiveCfg = Debug|Any CPU
		{8DBB514B-C262-4590-953F-44EC020A1F79}.Debug|Any CPU.Build.0 = Debug|Any CPU
		{8DBB514B-C262-4590-953F-44EC020A1F79}.Debug|Any CPU.Deploy.0 = Debug|Any CPU
		{8DBB514B-C262-4590-953F-44EC020A1F79}.Release|Any CPU.ActiveCfg = Release|Any CPU
		{8DBB514B-C262-4590-953F-44EC020A1F79}.Release|Any CPU.Deploy.0 = Release|Any CPU
	EndGlobalSection
	GlobalSection(SolutionProperties) = preSolution
		HideSolutionNode = FALSE
	EndGlobalSection
	GlobalSection(ExtensibilityGlobals) = postSolution
		SolutionGuid = {D510B8FB-7124-4117-A339-CA3A9683C8F4}
	EndGlobalSection
EndGlobal
